Microsoft Visual Studio Solution File, Format Version 12.00
# Visual Studio Version 17
VisualStudioVersion = 17.5.2.0
MinimumVisualStudioVersion = 10.0.40219.1
Project("{FAE04EC0-301F-11D3-BF4B-00C04F79EFBC}") = "NetIsolate", "NetIsolate.csproj", "{1459C0E3-98B9-CC73-7C8C-DD9594D6289E}"
EndProject
Global
	GlobalSection(SolutionConfigurationPlatforms) = preSolution
		Debug|Any CPU = Debug|Any CPU
		Release|Any CPU = Release|Any CPU
	EndGlobalSection
	GlobalSection(ProjectConfigurationPlatforms) = postSolution
		{1459C0E3-98B9-CC73-7C8C-DD9594D6289E}.Debug|Any CPU.ActiveCfg = Debug|Any CPU
		{1459C0E3-98B9-CC73-7C8C-DD9594D6289E}.Debug|Any CPU.Build.0 = Debug|Any CPU
		{1459C0E3-98B9-CC73-7C8C-DD9594D6289E}.Release|Any CPU.ActiveCfg = Release|Any CPU
		{1459C0E3-98B9-CC73-7C8C-DD9594D6289E}.Release|Any CPU.Build.0 = Release|Any CPU
	EndGlobalSection
	GlobalSection(SolutionProperties) = preSolution
		HideSolutionNode = FALSE
	EndGlobalSection
	GlobalSection(ExtensibilityGlobals) = postSolution
		SolutionGuid = {C0E68EBD-4475-470D-A4D6-C92B9B9439DD}
	EndGlobalSection
EndGlobal
